
Microsoft Visual Studio Solution File, Format Version 12.00
# Visual Studio Version 17
VisualStudioVersion = 17.3.32901.215
MinimumVisualStudioVersion = 10.0.40219.1
Project("{FAE04EC0-301F-11D3-BF4B-00C04F79EFBC}") = "B2CAutomatedAppRegistration", "B2CAutomatedAppRegistration.csproj", "{AF359E1B-49F1-4B0C-92CE-0D36286274E6}"
EndProject
Global
	GlobalSection(SolutionConfigurationPlatforms) = preSolution
		Debug|Any CPU = Debug|Any CPU
		Release|Any CPU = Release|Any CPU
	EndGlobalSection
	GlobalSection(ProjectConfigurationPlatforms) = postSolution
		{AF359E1B-49F1-4B0C-92CE-0D36286274E6}.Debug|Any CPU.ActiveCfg = Debug|Any CPU
		{AF359E1B-49F1-4B0C-92CE-0D36286274E6}.Debug|Any CPU.Build.0 = Debug|Any CPU
		{AF359E1B-49F1-4B0C-92CE-0D36286274E6}.Release|Any CPU.ActiveCfg = Release|Any CPU
		{AF359E1B-49F1-4B0C-92CE-0D36286274E6}.Release|Any CPU.Build.0 = Release|Any CPU
	EndGlobalSection
	GlobalSection(SolutionProperties) = preSolution
		HideSolutionNode = FALSE
	EndGlobalSection
	GlobalSection(ExtensibilityGlobals) = postSolution
		SolutionGuid = {EAC096DE-6024-4FBD-933B-76928084535C}
	EndGlobalSection
EndGlobal
